
Microsoft Visual Studio Solution File, Format Version 12.00
# Visual Studio Version 17
VisualStudioVersion = 17.10.35122.118
MinimumVisualStudioVersion = 10.0.40219.1
Project("{FAE04EC0-301F-11D3-BF4B-00C04F79EFBC}") = "Watson C969", "Watson C969\Watson C969.csproj", "{FE2CE960-9A2E-4D19-AFF4-45762F4F0687}"
EndProject
Global
	GlobalSection(SolutionConfigurationPlatforms) = preSolution
		Debug|Any CPU = Debug|Any CPU
		Release|Any CPU = Release|Any CPU
	EndGlobalSection
	GlobalSection(ProjectConfigurationPlatforms) = postSolution
		{FE2CE960-9A2E-4D19-AFF4-45762F4F0687}.Debug|Any CPU.ActiveCfg = Debug|Any CPU
		{FE2CE960-9A2E-4D19-AFF4-45762F4F0687}.Debug|Any CPU.Build.0 = Debug|Any CPU
		{FE2CE960-9A2E-4D19-AFF4-45762F4F0687}.Release|Any CPU.ActiveCfg = Release|Any CPU
		{FE2CE960-9A2E-4D19-AFF4-45762F4F0687}.Release|Any CPU.Build.0 = Release|Any CPU
	EndGlobalSection
	GlobalSection(SolutionProperties) = preSolution
		HideSolutionNode = FALSE
	EndGlobalSection
	GlobalSection(ExtensibilityGlobals) = postSolution
		SolutionGuid = {1F000060-7CC6-463F-BB20-C2E129B23FA7}
	EndGlobalSection
EndGlobal
